
Microsoft Visual Studio Solution File, Format Version 12.00
# Visual Studio Version 16
VisualStudioVersion = 16.0.30104.148
MinimumVisualStudioVersion = 10.0.40219.1
Project("{FAE04EC0-301F-11D3-BF4B-00C04F79EFBC}") = "GameCityApi", "GameCityApi\GameCityApi.csproj", "{F94696FA-5853-40DA-AABE-444B30DF186A}"
EndProject
Global
	GlobalSection(SolutionConfigurationPlatforms) = preSolution
		Debug|Any CPU = Debug|Any CPU
		Release|Any CPU = Release|Any CPU
	EndGlobalSection
	GlobalSection(ProjectConfigurationPlatforms) = postSolution
		{F94696FA-5853-40DA-AABE-444B30DF186A}.Debug|Any CPU.ActiveCfg = Debug|Any CPU
		{F94696FA-5853-40DA-AABE-444B30DF186A}.Debug|Any CPU.Build.0 = Debug|Any CPU
		{F94696FA-5853-40DA-AABE-444B30DF186A}.Release|Any CPU.ActiveCfg = Release|Any CPU
		{F94696FA-5853-40DA-AABE-444B30DF186A}.Release|Any CPU.Build.0 = Release|Any CPU
	EndGlobalSection
	GlobalSection(SolutionProperties) = preSolution
		HideSolutionNode = FALSE
	EndGlobalSection
	GlobalSection(ExtensibilityGlobals) = postSolution
		SolutionGuid = {3213CA65-EC52-431A-A7EF-72101DAFC3FA}
	EndGlobalSection
EndGlobal
